
Microsoft Visual Studio Solution File, Format Version 12.00
# Visual Studio 2017
Project("{FAE04EC0-301F-11D3-BF4B-00C04F79EFBC}") = "rotatris", "rotatris.csproj", "{215F833C-6A6D-D912-6451-8E6F371475DA}"
EndProject
Global
	GlobalSection(SolutionConfigurationPlatforms) = preSolution
		Debug|Any CPU = Debug|Any CPU
		Release|Any CPU = Release|Any CPU
	EndGlobalSection
	GlobalSection(ProjectConfigurationPlatforms) = postSolution
		{215F833C-6A6D-D912-6451-8E6F371475DA}.Debug|Any CPU.ActiveCfg = Debug|Any CPU
		{215F833C-6A6D-D912-6451-8E6F371475DA}.Debug|Any CPU.Build.0 = Debug|Any CPU
		{215F833C-6A6D-D912-6451-8E6F371475DA}.Release|Any CPU.ActiveCfg = Release|Any CPU
		{215F833C-6A6D-D912-6451-8E6F371475DA}.Release|Any CPU.Build.0 = Release|Any CPU
	EndGlobalSection
	GlobalSection(SolutionProperties) = preSolution
		HideSolutionNode = FALSE
	EndGlobalSection
EndGlobal
